// !$*UTF8*$!
{
	archiveVersion = 1;
	classes = {
	};
	objectVersion = 46;
	objects = {

/* Begin PBXBuildFile section */
		28303BBF1EEB30A600E59C50 /* FeedViewController.swift in Sources */ = {isa = PBXBuildFile; fileRef = 28303BBE1EEB30A600E59C50 /* FeedViewController.swift */; };
		28303BC51EEB4B4300E59C50 /* UploadFilesViewController.swift in Sources */ = {isa = PBXBuildFile; fileRef = 28303BC41EEB4B4300E59C50 /* UploadFilesViewController.swift */; };
		28303BC71EEB4B9700E59C50 /* Material.swift in Sources */ = {isa = PBXBuildFile; fileRef = 28303BC61EEB4B9700E59C50 /* Material.swift */; };
		2843AF771EEF7007000F9644 /* DisciplinesViewController.swift in Sources */ = {isa = PBXBuildFile; fileRef = 2843AF761EEF7007000F9644 /* DisciplinesViewController.swift */; };
		2863A1441F09800600D541BD /* MaterialKind.swift in Sources */ = {isa = PBXBuildFile; fileRef = 2863A1431F09800600D541BD /* MaterialKind.swift */; };
		2863A1461F0990A800D541BD /* UploadImagesCollectionViewCell.swift in Sources */ = {isa = PBXBuildFile; fileRef = 2863A1451F0990A800D541BD /* UploadImagesCollectionViewCell.swift */; };
		2870DA731F0444EB00AA5682 /* FirebaseStorageHelper.swift in Sources */ = {isa = PBXBuildFile; fileRef = 2870DA721F0444EB00AA5682 /* FirebaseStorageHelper.swift */; };
		2889E4C01EEE254A00AA4EAB /* AppUser.swift in Sources */ = {isa = PBXBuildFile; fileRef = 2889E4BF1EEE254A00AA4EAB /* AppUser.swift */; };
		28C7F3931EEBAAD700FE83A0 /* Discipline.swift in Sources */ = {isa = PBXBuildFile; fileRef = 28C7F3921EEBAAD700FE83A0 /* Discipline.swift */; };
		28C7F3951EEBAAF500FE83A0 /* Professor.swift in Sources */ = {isa = PBXBuildFile; fileRef = 28C7F3941EEBAAF500FE83A0 /* Professor.swift */; };
		50A85D663F387BA9206A07A2 /* Pods_AcademicBoxUITests.framework in Frameworks */ = {isa = PBXBuildFile; fileRef = D1C2497D5293F079A7C46357 /* Pods_AcademicBoxUITests.framework */; };
		75AAD6B3E92619E6EA7AAFE5 /* Pods_AcademicBox.framework in Frameworks */ = {isa = PBXBuildFile; fileRef = FB4859F8628BE1BF1840586A /* Pods_AcademicBox.framework */; };
		A210304B1EE5EEDC0026E0D4 /* AppDelegate.swift in Sources */ = {isa = PBXBuildFile; fileRef = A210304A1EE5EEDC0026E0D4 /* AppDelegate.swift */; };
		A210304D1EE5EEDC0026E0D4 /* ViewController.swift in Sources */ = {isa = PBXBuildFile; fileRef = A210304C1EE5EEDC0026E0D4 /* ViewController.swift */; };
		A21030501EE5EEDC0026E0D4 /* Main.storyboard in Resources */ = {isa = PBXBuildFile; fileRef = A210304E1EE5EEDC0026E0D4 /* Main.storyboard */; };
		A21030521EE5EEDC0026E0D4 /* Assets.xcassets in Resources */ = {isa = PBXBuildFile; fileRef = A21030511EE5EEDC0026E0D4 /* Assets.xcassets */; };
		A21030551EE5EEDC0026E0D4 /* LaunchScreen.storyboard in Resources */ = {isa = PBXBuildFile; fileRef = A21030531EE5EEDC0026E0D4 /* LaunchScreen.storyboard */; };
		A21030601EE5EEDC0026E0D4 /* AcademicBoxTests.swift in Sources */ = {isa = PBXBuildFile; fileRef = A210305F1EE5EEDC0026E0D4 /* AcademicBoxTests.swift */; };
		A210306B1EE5EEDC0026E0D4 /* AcademicBoxUITests.swift in Sources */ = {isa = PBXBuildFile; fileRef = A210306A1EE5EEDC0026E0D4 /* AcademicBoxUITests.swift */; };
		A25DA9341EE894D000E1FCFD /* GoogleService-Info.plist in Resources */ = {isa = PBXBuildFile; fileRef = A25DA9331EE894D000E1FCFD /* GoogleService-Info.plist */; };
		A27166E81EE9E43000B2AE89 /* MainMenuViewController.swift in Sources */ = {isa = PBXBuildFile; fileRef = A27166E71EE9E43000B2AE89 /* MainMenuViewController.swift */; };
		A27166EA1EE9F6A700B2AE89 /* Menu.storyboard in Resources */ = {isa = PBXBuildFile; fileRef = A27166E91EE9F6A700B2AE89 /* Menu.storyboard */; };
		B4E1AD3A86515520C15D1E4A /* Pods_AcademicBoxTests.framework in Frameworks */ = {isa = PBXBuildFile; fileRef = 1C47FBA04E3B4963B7EE55FD /* Pods_AcademicBoxTests.framework */; };
/* End PBXBuildFile section */

/* Begin PBXContainerItemProxy section */
		A210305C1EE5EEDC0026E0D4 /* PBXContainerItemProxy */ = {
			isa = PBXContainerItemProxy;
			containerPortal = A210303F1EE5EEDC0026E0D4 /* Project object */;
			proxyType = 1;
			remoteGlobalIDString = A21030461EE5EEDC0026E0D4;
			remoteInfo = AcademicBox;
		};
		A21030671EE5EEDC0026E0D4 /* PBXContainerItemProxy */ = {
			isa = PBXContainerItemProxy;
			containerPortal = A210303F1EE5EEDC0026E0D4 /* Project object */;
			proxyType = 1;
			remoteGlobalIDString = A21030461EE5EEDC0026E0D4;
			remoteInfo = AcademicBox;
		};
/* End PBXContainerItemProxy section */

/* Begin PBXFileReference section */
		0D3828371D568D9E978C250C /* Pods-AcademicBoxUITests.debug.xcconfig */ = {isa = PBXFileReference; includeInIndex = 1; lastKnownFileType = text.xcconfig; name = "Pods-AcademicBoxUITests.debug.xcconfig"; path = "Pods/Target Support Files/Pods-AcademicBoxUITests/Pods-AcademicBoxUITests.debug.xcconfig"; sourceTree = "<group>"; };
		1C47FBA04E3B4963B7EE55FD /* Pods_AcademicBoxTests.framework */ = {isa = PBXFileReference; explicitFileType = wrapper.framework; includeInIndex = 0; path = Pods_AcademicBoxTests.framework; sourceTree = BUILT_PRODUCTS_DIR; };
		28303BBE1EEB30A600E59C50 /* FeedViewController.swift */ = {isa = PBXFileReference; fileEncoding = 4; lastKnownFileType = sourcecode.swift; path = FeedViewController.swift; sourceTree = "<group>"; };
		28303BC41EEB4B4300E59C50 /* UploadFilesViewController.swift */ = {isa = PBXFileReference; fileEncoding = 4; lastKnownFileType = sourcecode.swift; path = UploadFilesViewController.swift; sourceTree = "<group>"; };
		28303BC61EEB4B9700E59C50 /* Material.swift */ = {isa = PBXFileReference; fileEncoding = 4; lastKnownFileType = sourcecode.swift; path = Material.swift; sourceTree = "<group>"; };
		2843AF761EEF7007000F9644 /* DisciplinesViewController.swift */ = {isa = PBXFileReference; fileEncoding = 4; lastKnownFileType = sourcecode.swift; path = DisciplinesViewController.swift; sourceTree = "<group>"; };
		2863A1431F09800600D541BD /* MaterialKind.swift */ = {isa = PBXFileReference; fileEncoding = 4; lastKnownFileType = sourcecode.swift; path = MaterialKind.swift; sourceTree = "<group>"; };
		2863A1451F0990A800D541BD /* UploadImagesCollectionViewCell.swift */ = {isa = PBXFileReference; fileEncoding = 4; lastKnownFileType = sourcecode.swift; path = UploadImagesCollectionViewCell.swift; sourceTree = "<group>"; };
		2870DA721F0444EB00AA5682 /* FirebaseStorageHelper.swift */ = {isa = PBXFileReference; fileEncoding = 4; lastKnownFileType = sourcecode.swift; path = FirebaseStorageHelper.swift; sourceTree = "<group>"; };
		2889E4BF1EEE254A00AA4EAB /* AppUser.swift */ = {isa = PBXFileReference; fileEncoding = 4; lastKnownFileType = sourcecode.swift; path = AppUser.swift; sourceTree = "<group>"; };
		28C7F3921EEBAAD700FE83A0 /* Discipline.swift */ = {isa = PBXFileReference; fileEncoding = 4; lastKnownFileType = sourcecode.swift; path = Discipline.swift; sourceTree = "<group>"; };
		28C7F3941EEBAAF500FE83A0 /* Professor.swift */ = {isa = PBXFileReference; fileEncoding = 4; lastKnownFileType = sourcecode.swift; path = Professor.swift; sourceTree = "<group>"; };
		327BBFD1882D02037E8CBEDF /* Pods-AcademicBoxTests.debug.xcconfig */ = {isa = PBXFileReference; includeInIndex = 1; lastKnownFileType = text.xcconfig; name = "Pods-AcademicBoxTests.debug.xcconfig"; path = "Pods/Target Support Files/Pods-AcademicBoxTests/Pods-AcademicBoxTests.debug.xcconfig"; sourceTree = "<group>"; };
		6F2AEDA79929C019DF84B5FF /* Pods-AcademicBox.release.xcconfig */ = {isa = PBXFileReference; includeInIndex = 1; lastKnownFileType = text.xcconfig; name = "Pods-AcademicBox.release.xcconfig"; path = "Pods/Target Support Files/Pods-AcademicBox/Pods-AcademicBox.release.xcconfig"; sourceTree = "<group>"; };
		A21030471EE5EEDC0026E0D4 /* AcademicBox.app */ = {isa = PBXFileReference; explicitFileType = wrapper.application; includeInIndex = 0; path = AcademicBox.app; sourceTree = BUILT_PRODUCTS_DIR; };
		A210304A1EE5EEDC0026E0D4 /* AppDelegate.swift */ = {isa = PBXFileReference; lastKnownFileType = sourcecode.swift; path = AppDelegate.swift; sourceTree = "<group>"; };
		A210304C1EE5EEDC0026E0D4 /* ViewController.swift */ = {isa = PBXFileReference; lastKnownFileType = sourcecode.swift; path = ViewController.swift; sourceTree = "<group>"; };
		A210304F1EE5EEDC0026E0D4 /* Base */ = {isa = PBXFileReference; lastKnownFileType = file.storyboard; name = Base; path = Base.lproj/Main.storyboard; sourceTree = "<group>"; };
		A21030511EE5EEDC0026E0D4 /* Assets.xcassets */ = {isa = PBXFileReference; lastKnownFileType = folder.assetcatalog; path = Assets.xcassets; sourceTree = "<group>"; };
		A21030541EE5EEDC0026E0D4 /* Base */ = {isa = PBXFileReference; lastKnownFileType = file.storyboard; name = Base; path = Base.lproj/LaunchScreen.storyboard; sourceTree = "<group>"; };
		A21030561EE5EEDC0026E0D4 /* Info.plist */ = {isa = PBXFileReference; lastKnownFileType = text.plist.xml; path = Info.plist; sourceTree = "<group>"; };
		A210305B1EE5EEDC0026E0D4 /* AcademicBoxTests.xctest */ = {isa = PBXFileReference; explicitFileType = wrapper.cfbundle; includeInIndex = 0; path = AcademicBoxTests.xctest; sourceTree = BUILT_PRODUCTS_DIR; };
		A210305F1EE5EEDC0026E0D4 /* AcademicBoxTests.swift */ = {isa = PBXFileReference; lastKnownFileType = sourcecode.swift; path = AcademicBoxTests.swift; sourceTree = "<group>"; };
		A21030611EE5EEDC0026E0D4 /* Info.plist */ = {isa = PBXFileReference; lastKnownFileType = text.plist.xml; path = Info.plist; sourceTree = "<group>"; };
		A21030661EE5EEDC0026E0D4 /* AcademicBoxUITests.xctest */ = {isa = PBXFileReference; explicitFileType = wrapper.cfbundle; includeInIndex = 0; path = AcademicBoxUITests.xctest; sourceTree = BUILT_PRODUCTS_DIR; };
		A210306A1EE5EEDC0026E0D4 /* AcademicBoxUITests.swift */ = {isa = PBXFileReference; lastKnownFileType = sourcecode.swift; path = AcademicBoxUITests.swift; sourceTree = "<group>"; };
		A210306C1EE5EEDC0026E0D4 /* Info.plist */ = {isa = PBXFileReference; lastKnownFileType = text.plist.xml; path = Info.plist; sourceTree = "<group>"; };
		A25DA9331EE894D000E1FCFD /* GoogleService-Info.plist */ = {isa = PBXFileReference; fileEncoding = 4; lastKnownFileType = text.plist.xml; path = "GoogleService-Info.plist"; sourceTree = "<group>"; };
		A27166E71EE9E43000B2AE89 /* MainMenuViewController.swift */ = {isa = PBXFileReference; fileEncoding = 4; lastKnownFileType = sourcecode.swift; path = MainMenuViewController.swift; sourceTree = "<group>"; };
		A27166E91EE9F6A700B2AE89 /* Menu.storyboard */ = {isa = PBXFileReference; fileEncoding = 4; lastKnownFileType = file.storyboard; path = Menu.storyboard; sourceTree = "<group>"; };
		BEB19FB76D9C3304E73121CF /* Pods-AcademicBoxUITests.release.xcconfig */ = {isa = PBXFileReference; includeInIndex = 1; lastKnownFileType = text.xcconfig; name = "Pods-AcademicBoxUITests.release.xcconfig"; path = "Pods/Target Support Files/Pods-AcademicBoxUITests/Pods-AcademicBoxUITests.release.xcconfig"; sourceTree = "<group>"; };
		CC077005A394675D19DAD7F3 /* Pods-AcademicBoxTests.release.xcconfig */ = {isa = PBXFileReference; includeInIndex = 1; lastKnownFileType = text.xcconfig; name = "Pods-AcademicBoxTests.release.xcconfig"; path = "Pods/Target Support Files/Pods-AcademicBoxTests/Pods-AcademicBoxTests.release.xcconfig"; sourceTree = "<group>"; };
		D1C2497D5293F079A7C46357 /* Pods_AcademicBoxUITests.framework */ = {isa = PBXFileReference; explicitFileType = wrapper.framework; includeInIndex = 0; path = Pods_AcademicBoxUITests.framework; sourceTree = BUILT_PRODUCTS_DIR; };
		E15FED8C537066ED8C4BECCA /* Pods-AcademicBox.debug.xcconfig */ = {isa = PBXFileReference; includeInIndex = 1; lastKnownFileType = text.xcconfig; name = "Pods-AcademicBox.debug.xcconfig"; path = "Pods/Target Support Files/Pods-AcademicBox/Pods-AcademicBox.debug.xcconfig"; sourceTree = "<group>"; };
		FB4859F8628BE1BF1840586A /* Pods_AcademicBox.framework */ = {isa = PBXFileReference; explicitFileType = wrapper.framework; includeInIndex = 0; path = Pods_AcademicBox.framework; sourceTree = BUILT_PRODUCTS_DIR; };
/* End PBXFileReference section */

/* Begin PBXFrameworksBuildPhase section */
		A21030441EE5EEDC0026E0D4 /* Frameworks */ = {
			isa = PBXFrameworksBuildPhase;
			buildActionMask = 2147483647;
			files = (
				75AAD6B3E92619E6EA7AAFE5 /* Pods_AcademicBox.framework in Frameworks */,
			);
			runOnlyForDeploymentPostprocessing = 0;
		};
		A21030581EE5EEDC0026E0D4 /* Frameworks */ = {
			isa = PBXFrameworksBuildPhase;
			buildActionMask = 2147483647;
			files = (
				B4E1AD3A86515520C15D1E4A /* Pods_AcademicBoxTests.framework in Frameworks */,
			);
			runOnlyForDeploymentPostprocessing = 0;
		};
		A21030631EE5EEDC0026E0D4 /* Frameworks */ = {
			isa = PBXFrameworksBuildPhase;
			buildActionMask = 2147483647;
			files = (
				50A85D663F387BA9206A07A2 /* Pods_AcademicBoxUITests.framework in Frameworks */,
			);
			runOnlyForDeploymentPostprocessing = 0;
		};
/* End PBXFrameworksBuildPhase section */

/* Begin PBXGroup section */
		28303BBD1EEB308300E59C50 /* Controller */ = {
			isa = PBXGroup;
			children = (
				A210304C1EE5EEDC0026E0D4 /* ViewController.swift */,
				A27166E71EE9E43000B2AE89 /* MainMenuViewController.swift */,
				28303BBE1EEB30A600E59C50 /* FeedViewController.swift */,
				28303BC41EEB4B4300E59C50 /* UploadFilesViewController.swift */,
				2843AF761EEF7007000F9644 /* DisciplinesViewController.swift */,
			);
			name = Controller;
			sourceTree = "<group>";
		};
		28303BC01EEB30B300E59C50 /* View */ = {
			isa = PBXGroup;
			children = (
				28303BC31EEB30E500E59C50 /* TableViewCell */,
				A210304E1EE5EEDC0026E0D4 /* Main.storyboard */,
				A21030511EE5EEDC0026E0D4 /* Assets.xcassets */,
				A21030531EE5EEDC0026E0D4 /* LaunchScreen.storyboard */,
				A27166E91EE9F6A700B2AE89 /* Menu.storyboard */,
			);
			name = View;
			sourceTree = "<group>";
		};
		28303BC11EEB30C500E59C50 /* Config */ = {
			isa = PBXGroup;
			children = (
				A25DA9331EE894D000E1FCFD /* GoogleService-Info.plist */,
				A21030561EE5EEDC0026E0D4 /* Info.plist */,
				A210304A1EE5EEDC0026E0D4 /* AppDelegate.swift */,
			);
			name = Config;
			sourceTree = "<group>";
		};
		28303BC21EEB30D800E59C50 /* Model */ = {
			isa = PBXGroup;
			children = (
				28303BC61EEB4B9700E59C50 /* Material.swift */,
				28C7F3921EEBAAD700FE83A0 /* Discipline.swift */,
				28C7F3941EEBAAF500FE83A0 /* Professor.swift */,
				2889E4BF1EEE254A00AA4EAB /* AppUser.swift */,
			);
			name = Model;
			sourceTree = "<group>";
		};
		28303BC31EEB30E500E59C50 /* TableViewCell */ = {
			isa = PBXGroup;
			children = (
				2863A1451F0990A800D541BD /* UploadImagesCollectionViewCell.swift */,
			);
			name = TableViewCell;
			sourceTree = "<group>";
		};
		2843AF741EEF6FC1000F9644 /* ViewModel */ = {
			isa = PBXGroup;
			children = (
			);
			name = ViewModel;
			sourceTree = "<group>";
		};
		2863A1421F097FFD00D541BD /* Enum */ = {
			isa = PBXGroup;
			children = (
				2863A1431F09800600D541BD /* MaterialKind.swift */,
			);
			name = Enum;
			sourceTree = "<group>";
		};
		2870DA711F0444DB00AA5682 /* Helper */ = {
			isa = PBXGroup;
			children = (
				2870DA721F0444EB00AA5682 /* FirebaseStorageHelper.swift */,
			);
			name = Helper;
			sourceTree = "<group>";
		};
		2B5A4F405D0500FF585BCC3A /* Frameworks */ = {
			isa = PBXGroup;
			children = (
				FB4859F8628BE1BF1840586A /* Pods_AcademicBox.framework */,
				1C47FBA04E3B4963B7EE55FD /* Pods_AcademicBoxTests.framework */,
				D1C2497D5293F079A7C46357 /* Pods_AcademicBoxUITests.framework */,
			);
			name = Frameworks;
			sourceTree = "<group>";
		};
		543A5D6D9F5BB248900EDD73 /* Pods */ = {
			isa = PBXGroup;
			children = (
				E15FED8C537066ED8C4BECCA /* Pods-AcademicBox.debug.xcconfig */,
				6F2AEDA79929C019DF84B5FF /* Pods-AcademicBox.release.xcconfig */,
				327BBFD1882D02037E8CBEDF /* Pods-AcademicBoxTests.debug.xcconfig */,
				CC077005A394675D19DAD7F3 /* Pods-AcademicBoxTests.release.xcconfig */,
				0D3828371D568D9E978C250C /* Pods-AcademicBoxUITests.debug.xcconfig */,
				BEB19FB76D9C3304E73121CF /* Pods-AcademicBoxUITests.release.xcconfig */,
			);
			name = Pods;
			sourceTree = "<group>";
		};
		A210303E1EE5EEDC0026E0D4 = {
			isa = PBXGroup;
			children = (
				A21030491EE5EEDC0026E0D4 /* AcademicBox */,
				A210305E1EE5EEDC0026E0D4 /* AcademicBoxTests */,
				A21030691EE5EEDC0026E0D4 /* AcademicBoxUITests */,
				A21030481EE5EEDC0026E0D4 /* Products */,
				543A5D6D9F5BB248900EDD73 /* Pods */,
				2B5A4F405D0500FF585BCC3A /* Frameworks */,
			);
			sourceTree = "<group>";
		};
		A21030481EE5EEDC0026E0D4 /* Products */ = {
			isa = PBXGroup;
			children = (
				A21030471EE5EEDC0026E0D4 /* AcademicBox.app */,
				A210305B1EE5EEDC0026E0D4 /* AcademicBoxTests.xctest */,
				A21030661EE5EEDC0026E0D4 /* AcademicBoxUITests.xctest */,
			);
			name = Products;
			sourceTree = "<group>";
		};
		A21030491EE5EEDC0026E0D4 /* AcademicBox */ = {
			isa = PBXGroup;
			children = (
				2863A1421F097FFD00D541BD /* Enum */,
				2870DA711F0444DB00AA5682 /* Helper */,
				28303BC11EEB30C500E59C50 /* Config */,
				28303BBD1EEB308300E59C50 /* Controller */,
				28303BC21EEB30D800E59C50 /* Model */,
				28303BC01EEB30B300E59C50 /* View */,
				2843AF741EEF6FC1000F9644 /* ViewModel */,
			);
			path = AcademicBox;
			sourceTree = "<group>";
		};
		A210305E1EE5EEDC0026E0D4 /* AcademicBoxTests */ = {
			isa = PBXGroup;
			children = (
				A210305F1EE5EEDC0026E0D4 /* AcademicBoxTests.swift */,
				A21030611EE5EEDC0026E0D4 /* Info.plist */,
			);
			path = AcademicBoxTests;
			sourceTree = "<group>";
		};
		A21030691EE5EEDC0026E0D4 /* AcademicBoxUITests */ = {
			isa = PBXGroup;
			children = (
				A210306A1EE5EEDC0026E0D4 /* AcademicBoxUITests.swift */,
				A210306C1EE5EEDC0026E0D4 /* Info.plist */,
			);
			path = AcademicBoxUITests;
			sourceTree = "<group>";
		};
/* End PBXGroup section */

/* Begin PBXNativeTarget section */
		A21030461EE5EEDC0026E0D4 /* AcademicBox */ = {
			isa = PBXNativeTarget;
			buildConfigurationList = A210306F1EE5EEDC0026E0D4 /* Build configuration list for PBXNativeTarget "AcademicBox" */;
			buildPhases = (
				EAE191C83A2B38D34C694496 /* [CP] Check Pods Manifest.lock */,
				A21030431EE5EEDC0026E0D4 /* Sources */,
				A21030441EE5EEDC0026E0D4 /* Frameworks */,
				A21030451EE5EEDC0026E0D4 /* Resources */,
				95837142D51C7D8F51997CFB /* [CP] Embed Pods Frameworks */,
				5E276D43099B25692D80B37B /* [CP] Copy Pods Resources */,
			);
			buildRules = (
			);
			dependencies = (
			);
			name = AcademicBox;
			productName = AcademicBox;
			productReference = A21030471EE5EEDC0026E0D4 /* AcademicBox.app */;
			productType = "com.apple.product-type.application";
		};
		A210305A1EE5EEDC0026E0D4 /* AcademicBoxTests */ = {
			isa = PBXNativeTarget;
			buildConfigurationList = A21030721EE5EEDC0026E0D4 /* Build configuration list for PBXNativeTarget "AcademicBoxTests" */;
			buildPhases = (
				78AADE067072BDBCB0E0F083 /* [CP] Check Pods Manifest.lock */,
				A21030571EE5EEDC0026E0D4 /* Sources */,
				A21030581EE5EEDC0026E0D4 /* Frameworks */,
				A21030591EE5EEDC0026E0D4 /* Resources */,
				9BCF6424AE863A473F944D17 /* [CP] Embed Pods Frameworks */,
				8DB50534846B724AFADC707F /* [CP] Copy Pods Resources */,
			);
			buildRules = (
			);
			dependencies = (
				A210305D1EE5EEDC0026E0D4 /* PBXTargetDependency */,
			);
			name = AcademicBoxTests;
			productName = AcademicBoxTests;
			productReference = A210305B1EE5EEDC0026E0D4 /* AcademicBoxTests.xctest */;
			productType = "com.apple.product-type.bundle.unit-test";
		};
		A21030651EE5EEDC0026E0D4 /* AcademicBoxUITests */ = {
			isa = PBXNativeTarget;
			buildConfigurationList = A21030751EE5EEDC0026E0D4 /* Build configuration list for PBXNativeTarget "AcademicBoxUITests" */;
			buildPhases = (
				53541B9175A8A66E3DD9D829 /* [CP] Check Pods Manifest.lock */,
				A21030621EE5EEDC0026E0D4 /* Sources */,
				A21030631EE5EEDC0026E0D4 /* Frameworks */,
				A21030641EE5EEDC0026E0D4 /* Resources */,
				D36BEF6CAE42EB7295AE854B /* [CP] Embed Pods Frameworks */,
				5D817C4BBF15EEBDF130D435 /* [CP] Copy Pods Resources */,
			);
			buildRules = (
			);
			dependencies = (
				A21030681EE5EEDC0026E0D4 /* PBXTargetDependency */,
			);
			name = AcademicBoxUITests;
			productName = AcademicBoxUITests;
			productReference = A21030661EE5EEDC0026E0D4 /* AcademicBoxUITests.xctest */;
			productType = "com.apple.product-type.bundle.ui-testing";
		};
/* End PBXNativeTarget section */

/* Begin PBXProject section */
		A210303F1EE5EEDC0026E0D4 /* Project object */ = {
			isa = PBXProject;
			attributes = {
				LastSwiftUpdateCheck = 0830;
				LastUpgradeCheck = 0830;
				ORGANIZATIONNAME = IFCE;
				TargetAttributes = {
					A21030461EE5EEDC0026E0D4 = {
						CreatedOnToolsVersion = 8.3.2;
						DevelopmentTeam = EEJ5MB9Q92;
						ProvisioningStyle = Automatic;
					};
					A210305A1EE5EEDC0026E0D4 = {
						CreatedOnToolsVersion = 8.3.2;
						ProvisioningStyle = Automatic;
						TestTargetID = A21030461EE5EEDC0026E0D4;
					};
					A21030651EE5EEDC0026E0D4 = {
						CreatedOnToolsVersion = 8.3.2;
						ProvisioningStyle = Automatic;
						TestTargetID = A21030461EE5EEDC0026E0D4;
					};
				};
			};
			buildConfigurationList = A21030421EE5EEDC0026E0D4 /* Build configuration list for PBXProject "AcademicBox" */;
			compatibilityVersion = "Xcode 3.2";
			developmentRegion = English;
			hasScannedForEncodings = 0;
			knownRegions = (
				en,
				Base,
			);
			mainGroup = A210303E1EE5EEDC0026E0D4;
			productRefGroup = A21030481EE5EEDC0026E0D4 /* Products */;
			projectDirPath = "";
			projectRoot = "";
			targets = (
				A21030461EE5EEDC0026E0D4 /* AcademicBox */,
				A210305A1EE5EEDC0026E0D4 /* AcademicBoxTests */,
				A21030651EE5EEDC0026E0D4 /* AcademicBoxUITests */,
			);
		};
/* End PBXProject section */

/* Begin PBXResourcesBuildPhase section */
		A21030451EE5EEDC0026E0D4 /* Resources */ = {
			isa = PBXResourcesBuildPhase;
			buildActionMask = 2147483647;
			files = (
				A27166EA1EE9F6A700B2AE89 /* Menu.storyboard in Resources */,
				A21030551EE5EEDC0026E0D4 /* LaunchScreen.storyboard in Resources */,
				A25DA9341EE894D000E1FCFD /* GoogleService-Info.plist in Resources */,
				A21030521EE5EEDC0026E0D4 /* Assets.xcassets in Resources */,
				A21030501EE5EEDC0026E0D4 /* Main.storyboard in Resources */,
			);
			runOnlyForDeploymentPostprocessing = 0;
		};
		A21030591EE5EEDC0026E0D4 /* Resources */ = {
			isa = PBXResourcesBuildPhase;
			buildActionMask = 2147483647;
			files = (
			);
			runOnlyForDeploymentPostprocessing = 0;
		};
		A21030641EE5EEDC0026E0D4 /* Resources */ = {
			isa = PBXResourcesBuildPhase;
			buildActionMask = 2147483647;
			files = (
			);
			runOnlyForDeploymentPostprocessing = 0;
		};
/* End PBXResourcesBuildPhase section */

/* Begin PBXShellScriptBuildPhase section */
		53541B9175A8A66E3DD9D829 /* [CP] Check Pods Manifest.lock */ = {
			isa = PBXShellScriptBuildPhase;
			buildActionMask = 2147483647;
			files = (
			);
			inputPaths = (
			);
			name = "[CP] Check Pods Manifest.lock";
			outputPaths = (
			);
			runOnlyForDeploymentPostprocessing = 0;
			shellPath = /bin/sh;
			shellScript = "diff \"${PODS_ROOT}/../Podfile.lock\" \"${PODS_ROOT}/Manifest.lock\" > /dev/null\nif [ $? != 0 ] ; then\n    # print error to STDERR\n    echo \"error: The sandbox is not in sync with the Podfile.lock. Run 'pod install' or update your CocoaPods installation.\" >&2\n    exit 1\nfi\n";
			showEnvVarsInLog = 0;
		};
		5D817C4BBF15EEBDF130D435 /* [CP] Copy Pods Resources */ = {
			isa = PBXShellScriptBuildPhase;
			buildActionMask = 2147483647;
			files = (
			);
			inputPaths = (
			);
			name = "[CP] Copy Pods Resources";
			outputPaths = (
			);
			runOnlyForDeploymentPostprocessing = 0;
			shellPath = /bin/sh;
			shellScript = "\"${SRCROOT}/Pods/Target Support Files/Pods-AcademicBoxUITests/Pods-AcademicBoxUITests-resources.sh\"\n";
			showEnvVarsInLog = 0;
		};
		5E276D43099B25692D80B37B /* [CP] Copy Pods Resources */ = {
			isa = PBXShellScriptBuildPhase;
			buildActionMask = 2147483647;
			files = (
			);
			inputPaths = (
			);
			name = "[CP] Copy Pods Resources";
			outputPaths = (
			);
			runOnlyForDeploymentPostprocessing = 0;
			shellPath = /bin/sh;
			shellScript = "\"${SRCROOT}/Pods/Target Support Files/Pods-AcademicBox/Pods-AcademicBox-resources.sh\"\n";
			showEnvVarsInLog = 0;
		};
		78AADE067072BDBCB0E0F083 /* [CP] Check Pods Manifest.lock */ = {
			isa = PBXShellScriptBuildPhase;
			buildActionMask = 2147483647;
			files = (
			);
			inputPaths = (
			);
			name = "[CP] Check Pods Manifest.lock";
			outputPaths = (
			);
			runOnlyForDeploymentPostprocessing = 0;
			shellPath = /bin/sh;
			shellScript = "diff \"${PODS_ROOT}/../Podfile.lock\" \"${PODS_ROOT}/Manifest.lock\" > /dev/null\nif [ $? != 0 ] ; then\n    # print error to STDERR\n    echo \"error: The sandbox is not in sync with the Podfile.lock. Run 'pod install' or update your CocoaPods installation.\" >&2\n    exit 1\nfi\n";
			showEnvVarsInLog = 0;
		};
		8DB50534846B724AFADC707F /* [CP] Copy Pods Resources */ = {
			isa = PBXShellScriptBuildPhase;
			buildActionMask = 2147483647;
			files = (
			);
			inputPaths = (
			);
			name = "[CP] Copy Pods Resources";
			outputPaths = (
			);
			runOnlyForDeploymentPostprocessing = 0;
			shellPath = /bin/sh;
			shellScript = "\"${SRCROOT}/Pods/Target Support Files/Pods-AcademicBoxTests/Pods-AcademicBoxTests-resources.sh\"\n";
			showEnvVarsInLog = 0;
		};
		95837142D51C7D8F51997CFB /* [CP] Embed Pods Frameworks */ = {
			isa = PBXShellScriptBuildPhase;
			buildActionMask = 2147483647;
			files = (
			);
			inputPaths = (
			);
			name = "[CP] Embed Pods Frameworks";
			outputPaths = (
			);
			runOnlyForDeploymentPostprocessing = 0;
			shellPath = /bin/sh;
			shellScript = "\"${SRCROOT}/Pods/Target Support Files/Pods-AcademicBox/Pods-AcademicBox-frameworks.sh\"\n";
			showEnvVarsInLog = 0;
		};
		9BCF6424AE863A473F944D17 /* [CP] Embed Pods Frameworks */ = {
			isa = PBXShellScriptBuildPhase;
			buildActionMask = 2147483647;
			files = (
			);
			inputPaths = (
			);
			name = "[CP] Embed Pods Frameworks";
			outputPaths = (
			);
			runOnlyForDeploymentPostprocessing = 0;
			shellPath = /bin/sh;
			shellScript = "\"${SRCROOT}/Pods/Target Support Files/Pods-AcademicBoxTests/Pods-AcademicBoxTests-frameworks.sh\"\n";
			showEnvVarsInLog = 0;
		};
		D36BEF6CAE42EB7295AE854B /* [CP] Embed Pods Frameworks */ = {
			isa = PBXShellScriptBuildPhase;
			buildActionMask = 2147483647;
			files = (
			);
			inputPaths = (
			);
			name = "[CP] Embed Pods Frameworks";
			outputPaths = (
			);
			runOnlyForDeploymentPostprocessing = 0;
			shellPath = /bin/sh;
			shellScript = "\"${SRCROOT}/Pods/Target Support Files/Pods-AcademicBoxUITests/Pods-AcademicBoxUITests-frameworks.sh\"\n";
			showEnvVarsInLog = 0;
		};
		EAE191C83A2B38D34C694496 /* [CP] Check Pods Manifest.lock */ = {
			isa = PBXShellScriptBuildPhase;
			buildActionMask = 2147483647;
			files = (
			);
			inputPaths = (
			);
			name = "[CP] Check Pods Manifest.lock";
			outputPaths = (
			);
			runOnlyForDeploymentPostprocessing = 0;
			shellPath = /bin/sh;
			shellScript = "diff \"${PODS_ROOT}/../Podfile.lock\" \"${PODS_ROOT}/Manifest.lock\" > /dev/null\nif [ $? != 0 ] ; then\n    # print error to STDERR\n    echo \"error: The sandbox is not in sync with the Podfile.lock. Run 'pod install' or update your CocoaPods installation.\" >&2\n    exit 1\nfi\n";
			showEnvVarsInLog = 0;
		};
/* End PBXShellScriptBuildPhase section */

/* Begin PBXSourcesBuildPhase section */
		A21030431EE5EEDC0026E0D4 /* Sources */ = {
			isa = PBXSourcesBuildPhase;
			buildActionMask = 2147483647;
			files = (
				2863A1461F0990A800D541BD /* UploadImagesCollectionViewCell.swift in Sources */,
				A27166E81EE9E43000B2AE89 /* MainMenuViewController.swift in Sources */,
				A210304D1EE5EEDC0026E0D4 /* ViewController.swift in Sources */,
				2863A1441F09800600D541BD /* MaterialKind.swift in Sources */,
				28303BBF1EEB30A600E59C50 /* FeedViewController.swift in Sources */,
				28C7F3931EEBAAD700FE83A0 /* Discipline.swift in Sources */,
				28303BC51EEB4B4300E59C50 /* UploadFilesViewController.swift in Sources */,
				2889E4C01EEE254A00AA4EAB /* AppUser.swift in Sources */,
				2843AF771EEF7007000F9644 /* DisciplinesViewController.swift in Sources */,
				2870DA731F0444EB00AA5682 /* FirebaseStorageHelper.swift in Sources */,
				28C7F3951EEBAAF500FE83A0 /* Professor.swift in Sources */,
				28303BC71EEB4B9700E59C50 /* Material.swift in Sources */,
				A210304B1EE5EEDC0026E0D4 /* AppDelegate.swift in Sources */,
			);
			runOnlyForDeploymentPostprocessing = 0;
		};
		A21030571EE5EEDC0026E0D4 /* Sources */ = {
			isa = PBXSourcesBuildPhase;
			buildActionMask = 2147483647;
			files = (
				A21030601EE5EEDC0026E0D4 /* AcademicBoxTests.swift in Sources */,
			);
			runOnlyForDeploymentPostprocessing = 0;
		};
		A21030621EE5EEDC0026E0D4 /* Sources */ = {
			isa = PBXSourcesBuildPhase;
			buildActionMask = 2147483647;
			files = (
				A210306B1EE5EEDC0026E0D4 /* AcademicBoxUITests.swift in Sources */,
			);
			runOnlyForDeploymentPostprocessing = 0;
		};
/* End PBXSourcesBuildPhase section */

/* Begin PBXTargetDependency section */
		A210305D1EE5EEDC0026E0D4 /* PBXTargetDependency */ = {
			isa = PBXTargetDependency;
			target = A21030461EE5EEDC0026E0D4 /* AcademicBox */;
			targetProxy = A210305C1EE5EEDC0026E0D4 /* PBXContainerItemProxy */;
		};
		A21030681EE5EEDC0026E0D4 /* PBXTargetDependency */ = {
			isa = PBXTargetDependency;
			target = A21030461EE5EEDC0026E0D4 /* AcademicBox */;
			targetProxy = A21030671EE5EEDC0026E0D4 /* PBXContainerItemProxy */;
		};
/* End PBXTargetDependency section */

/* Begin PBXVariantGroup section */
		A210304E1EE5EEDC0026E0D4 /* Main.storyboard */ = {
			isa = PBXVariantGroup;
			children = (
				A210304F1EE5EEDC0026E0D4 /* Base */,
			);
			name = Main.storyboard;
			sourceTree = "<group>";
		};
		A21030531EE5EEDC0026E0D4 /* LaunchScreen.storyboard */ = {
			isa = PBXVariantGroup;
			children = (
				A21030541EE5EEDC0026E0D4 /* Base */,
			);
			name = LaunchScreen.storyboard;
			sourceTree = "<group>";
		};
/* End PBXVariantGroup section */

/* Begin XCBuildConfiguration section */
		A210306D1EE5EEDC0026E0D4 /* Debug */ = {
			isa = XCBuildConfiguration;
			buildSettings = {
				ALWAYS_SEARCH_USER_PATHS = NO;
				CLANG_ANALYZER_NONNULL = YES;
				CLANG_ANALYZER_NUMBER_OBJECT_CONVERSION = YES_AGGRESSIVE;
				CLANG_CXX_LANGUAGE_STANDARD = "gnu++0x";
				CLANG_CXX_LIBRARY = "libc++";
				CLANG_ENABLE_MODULES = YES;
				CLANG_ENABLE_OBJC_ARC = YES;
				CLANG_WARN_BOOL_CONVERSION = YES;
				CLANG_WARN_CONSTANT_CONVERSION = YES;
				CLANG_WARN_DIRECT_OBJC_ISA_USAGE = YES_ERROR;
				CLANG_WARN_DOCUMENTATION_COMMENTS = YES;
				CLANG_WARN_EMPTY_BODY = YES;
				CLANG_WARN_ENUM_CONVERSION = YES;
				CLANG_WARN_INFINITE_RECURSION = YES;
				CLANG_WARN_INT_CONVERSION = YES;
				CLANG_WARN_OBJC_ROOT_CLASS = YES_ERROR;
				CLANG_WARN_SUSPICIOUS_MOVE = YES;
				CLANG_WARN_UNREACHABLE_CODE = YES;
				CLANG_WARN__DUPLICATE_METHOD_MATCH = YES;
				"CODE_SIGN_IDENTITY[sdk=iphoneos*]" = "iPhone Developer";
				COPY_PHASE_STRIP = NO;
				DEBUG_INFORMATION_FORMAT = dwarf;
				ENABLE_STRICT_OBJC_MSGSEND = YES;
				ENABLE_TESTABILITY = YES;
				GCC_C_LANGUAGE_STANDARD = gnu99;
				GCC_DYNAMIC_NO_PIC = NO;
				GCC_NO_COMMON_BLOCKS = YES;
				GCC_OPTIMIZATION_LEVEL = 0;
				GCC_PREPROCESSOR_DEFINITIONS = (
					"DEBUG=1",
					"$(inherited)",
				);
				GCC_WARN_64_TO_32_BIT_CONVERSION = YES;
				GCC_WARN_ABOUT_RETURN_TYPE = YES_ERROR;
				GCC_WARN_UNDECLARED_SELECTOR = YES;
				GCC_WARN_UNINITIALIZED_AUTOS = YES_AGGRESSIVE;
				GCC_WARN_UNUSED_FUNCTION = YES;
				GCC_WARN_UNUSED_VARIABLE = YES;
				IPHONEOS_DEPLOYMENT_TARGET = 10.3;
				MTL_ENABLE_DEBUG_INFO = YES;
				ONLY_ACTIVE_ARCH = YES;
				SDKROOT = iphoneos;
				SWIFT_ACTIVE_COMPILATION_CONDITIONS = DEBUG;
				SWIFT_OPTIMIZATION_LEVEL = "-Onone";
			};
			name = Debug;
		};
		A210306E1EE5EEDC0026E0D4 /* Release */ = {
			isa = XCBuildConfiguration;
			buildSettings = {
				ALWAYS_SEARCH_USER_PATHS = NO;
				CLANG_ANALYZER_NONNULL = YES;
				CLANG_ANALYZER_NUMBER_OBJECT_CONVERSION = YES_AGGRESSIVE;
				CLANG_CXX_LANGUAGE_STANDARD = "gnu++0x";
				CLANG_CXX_LIBRARY = "libc++";
				CLANG_ENABLE_MODULES = YES;
				CLANG_ENABLE_OBJC_ARC = YES;
				CLANG_WARN_BOOL_CONVERSION = YES;
				CLANG_WARN_CONSTANT_CONVERSION = YES;
				CLANG_WARN_DIRECT_OBJC_ISA_USAGE = YES_ERROR;
				CLANG_WARN_DOCUMENTATION_COMMENTS = YES;
				CLANG_WARN_EMPTY_BODY = YES;
				CLANG_WARN_ENUM_CONVERSION = YES;
				CLANG_WARN_INFINITE_RECURSION = YES;
				CLANG_WARN_INT_CONVERSION = YES;
				CLANG_WARN_OBJC_ROOT_CLASS = YES_ERROR;
				CLANG_WARN_SUSPICIOUS_MOVE = YES;
				CLANG_WARN_UNREACHABLE_CODE = YES;
				CLANG_WARN__DUPLICATE_METHOD_MATCH = YES;
				"CODE_SIGN_IDENTITY[sdk=iphoneos*]" = "iPhone Developer";
				COPY_PHASE_STRIP = NO;
				DEBUG_INFORMATION_FORMAT = "dwarf-with-dsym";
				ENABLE_NS_ASSERTIONS = NO;
				ENABLE_STRICT_OBJC_MSGSEND = YES;
				GCC_C_LANGUAGE_STANDARD = gnu99;
				GCC_NO_COMMON_BLOCKS = YES;
				GCC_WARN_64_TO_32_BIT_CONVERSION = YES;
				GCC_WARN_ABOUT_RETURN_TYPE = YES_ERROR;
				GCC_WARN_UNDECLARED_SELECTOR = YES;
				GCC_WARN_UNINITIALIZED_AUTOS = YES_AGGRESSIVE;
				GCC_WARN_UNUSED_FUNCTION = YES;
				GCC_WARN_UNUSED_VARIABLE = YES;
				IPHONEOS_DEPLOYMENT_TARGET = 10.3;
				MTL_ENABLE_DEBUG_INFO = NO;
				SDKROOT = iphoneos;
				SWIFT_OPTIMIZATION_LEVEL = "-Owholemodule";
				VALIDATE_PRODUCT = YES;
			};
			name = Release;
		};
		A21030701EE5EEDC0026E0D4 /* Debug */ = {
			isa = XCBuildConfiguration;
			baseConfigurationReference = E15FED8C537066ED8C4BECCA /* Pods-AcademicBox.debug.xcconfig */;
			buildSettings = {
				ASSETCATALOG_COMPILER_APPICON_NAME = AppIcon;
				DEVELOPMENT_TEAM = EEJ5MB9Q92;
				INFOPLIST_FILE = AcademicBox/Info.plist;
				LD_RUNPATH_SEARCH_PATHS = "$(inherited) @executable_path/Frameworks";
				PRODUCT_BUNDLE_IDENTIFIER = ifce.AcademicBox;
				PRODUCT_NAME = "$(TARGET_NAME)";
				SWIFT_VERSION = 3.0;
			};
			name = Debug;
		};
		A21030711EE5EEDC0026E0D4 /* Release */ = {
			isa = XCBuildConfiguration;
			baseConfigurationReference = 6F2AEDA79929C019DF84B5FF /* Pods-AcademicBox.release.xcconfig */;
			buildSettings = {
				ASSETCATALOG_COMPILER_APPICON_NAME = AppIcon;
				DEVELOPMENT_TEAM = EEJ5MB9Q92;
				INFOPLIST_FILE = AcademicBox/Info.plist;
				LD_RUNPATH_SEARCH_PATHS = "$(inherited) @executable_path/Frameworks";
				PRODUCT_BUNDLE_IDENTIFIER = ifce.AcademicBox;
				PRODUCT_NAME = "$(TARGET_NAME)";
				SWIFT_VERSION = 3.0;
			};
			name = Release;
		};
		A21030731EE5EEDC0026E0D4 /* Debug */ = {
			isa = XCBuildConfiguration;
			baseConfigurationReference = 327BBFD1882D02037E8CBEDF /* Pods-AcademicBoxTests.debug.xcconfig */;
			buildSettings = {
				ALWAYS_EMBED_SWIFT_STANDARD_LIBRARIES = YES;
				BUNDLE_LOADER = "$(TEST_HOST)";
				INFOPLIST_FILE = AcademicBoxTests/Info.plist;
				LD_RUNPATH_SEARCH_PATHS = "$(inherited) @executable_path/Frameworks @loader_path/Frameworks";
				PRODUCT_BUNDLE_IDENTIFIER = ifce.AcademicBoxTests;
				PRODUCT_NAME = "$(TARGET_NAME)";
				SWIFT_VERSION = 3.0;
				TEST_HOST = "$(BUILT_PRODUCTS_DIR)/AcademicBox.app/AcademicBox";
			};
			name = Debug;
		};
		A21030741EE5EEDC0026E0D4 /* Release */ = {
			isa = XCBuildConfiguration;
			baseConfigurationReference = CC077005A394675D19DAD7F3 /* Pods-AcademicBoxTests.release.xcconfig */;
			buildSettings = {
				ALWAYS_EMBED_SWIFT_STANDARD_LIBRARIES = YES;
				BUNDLE_LOADER = "$(TEST_HOST)";
				INFOPLIST_FILE = AcademicBoxTests/Info.plist;
				LD_RUNPATH_SEARCH_PATHS = "$(inherited) @executable_path/Frameworks @loader_path/Frameworks";
				PRODUCT_BUNDLE_IDENTIFIER = ifce.AcademicBoxTests;
				PRODUCT_NAME = "$(TARGET_NAME)";
				SWIFT_VERSION = 3.0;
				TEST_HOST = "$(BUILT_PRODUCTS_DIR)/AcademicBox.app/AcademicBox";
			};
			name = Release;
		};
		A21030761EE5EEDC0026E0D4 /* Debug */ = {
			isa = XCBuildConfiguration;
			baseConfigurationReference = 0D3828371D568D9E978C250C /* Pods-AcademicBoxUITests.debug.xcconfig */;
			buildSettings = {
				ALWAYS_EMBED_SWIFT_STANDARD_LIBRARIES = YES;
				INFOPLIST_FILE = AcademicBoxUITests/Info.plist;
				LD_RUNPATH_SEARCH_PATHS = "$(inherited) @executable_path/Frameworks @loader_path/Frameworks";
				PRODUCT_BUNDLE_IDENTIFIER = ifce.AcademicBoxUITests;
				PRODUCT_NAME = "$(TARGET_NAME)";
				SWIFT_VERSION = 3.0;
				TEST_TARGET_NAME = AcademicBox;
			};
			name = Debug;
		};
		A21030771EE5EEDC0026E0D4 /* Release */ = {
			isa = XCBuildConfiguration;
			baseConfigurationReference = BEB19FB76D9C3304E73121CF /* Pods-AcademicBoxUITests.release.xcconfig */;
			buildSettings = {
				ALWAYS_EMBED_SWIFT_STANDARD_LIBRARIES = YES;
				INFOPLIST_FILE = AcademicBoxUITests/Info.plist;
				LD_RUNPATH_SEARCH_PATHS = "$(inherited) @executable_path/Frameworks @loader_path/Frameworks";
				PRODUCT_BUNDLE_IDENTIFIER = ifce.AcademicBoxUITests;
				PRODUCT_NAME = "$(TARGET_NAME)";
				SWIFT_VERSION = 3.0;
				TEST_TARGET_NAME = AcademicBox;
			};
			name = Release;
		};
/* End XCBuildConfiguration section */

/* Begin XCConfigurationList section */
		A21030421EE5EEDC0026E0D4 /* Build configuration list for PBXProject "AcademicBox" */ = {
			isa = XCConfigurationList;
			buildConfigurations = (
				A210306D1EE5EEDC0026E0D4 /* Debug */,
				A210306E1EE5EEDC0026E0D4 /* Release */,
			);
			defaultConfigurationIsVisible = 0;
			defaultConfigurationName = Release;
		};
		A210306F1EE5EEDC0026E0D4 /* Build configuration list for PBXNativeTarget "AcademicBox" */ = {
			isa = XCConfigurationList;
			buildConfigurations = (
				A21030701EE5EEDC0026E0D4 /* Debug */,
				A21030711EE5EEDC0026E0D4 /* Release */,
			);
			defaultConfigurationIsVisible = 0;
			defaultConfigurationName = Release;
		};
		A21030721EE5EEDC0026E0D4 /* Build configuration list for PBXNativeTarget "AcademicBoxTests" */ = {
			isa = XCConfigurationList;
			buildConfigurations = (
				A21030731EE5EEDC0026E0D4 /* Debug */,
				A21030741EE5EEDC0026E0D4 /* Release */,
			);
			defaultConfigurationIsVisible = 0;
			defaultConfigurationName = Release;
		};
		A21030751EE5EEDC0026E0D4 /* Build configuration list for PBXNativeTarget "AcademicBoxUITests" */ = {
			isa = XCConfigurationList;
			buildConfigurations = (
				A21030761EE5EEDC0026E0D4 /* Debug */,
				A21030771EE5EEDC0026E0D4 /* Release */,
			);
			defaultConfigurationIsVisible = 0;
			defaultConfigurationName = Release;
		};
/* End XCConfigurationList section */
	};
	rootObject = A210303F1EE5EEDC0026E0D4 /* Project object */;
}
